
Microsoft Visual Studio Solution File, Format Version 12.00
# Visual Studio 2013
VisualStudioVersion = 12.0.40629.0
MinimumVisualStudioVersion = 10.0.40219.1
Project("{F088123C-0E9E-452A-89E6-6BA2F21D5CAC}") = "meijia", "meijia\meijia.modelproj", "{31CA74B9-9308-404F-AABC-5CC60C6685CA}"
EndProject
Project("{FAE04EC0-301F-11D3-BF4B-00C04F79EFBC}") = "Web", "Web\Web.csproj", "{EDEDC4AF-51F5-467B-8B81-7CAAA129E764}"
EndProject
Project("{FAE04EC0-301F-11D3-BF4B-00C04F79EFBC}") = "Web.Tests", "Web.Tests\Web.Tests.csproj", "{98385C61-33A3-4F56-8EB4-2AB98E66311F}"
EndProject
Global
	GlobalSection(SolutionConfigurationPlatforms) = preSolution
		Debug|Any CPU = Debug|Any CPU
		Release|Any CPU = Release|Any CPU
	EndGlobalSection
	GlobalSection(ProjectConfigurationPlatforms) = postSolution
		{31CA74B9-9308-404F-AABC-5CC60C6685CA}.Debug|Any CPU.ActiveCfg = Debug|Any CPU
		{31CA74B9-9308-404F-AABC-5CC60C6685CA}.Debug|Any CPU.Build.0 = Debug|Any CPU
		{31CA74B9-9308-404F-AABC-5CC60C6685CA}.Release|Any CPU.ActiveCfg = Release|Any CPU
		{31CA74B9-9308-404F-AABC-5CC60C6685CA}.Release|Any CPU.Build.0 = Release|Any CPU
		{EDEDC4AF-51F5-467B-8B81-7CAAA129E764}.Debug|Any CPU.ActiveCfg = Debug|Any CPU
		{EDEDC4AF-51F5-467B-8B81-7CAAA129E764}.Debug|Any CPU.Build.0 = Debug|Any CPU
		{EDEDC4AF-51F5-467B-8B81-7CAAA129E764}.Release|Any CPU.ActiveCfg = Release|Any CPU
		{EDEDC4AF-51F5-467B-8B81-7CAAA129E764}.Release|Any CPU.Build.0 = Release|Any CPU
		{98385C61-33A3-4F56-8EB4-2AB98E66311F}.Debug|Any CPU.ActiveCfg = Debug|Any CPU
		{98385C61-33A3-4F56-8EB4-2AB98E66311F}.Debug|Any CPU.Build.0 = Debug|Any CPU
		{98385C61-33A3-4F56-8EB4-2AB98E66311F}.Release|Any CPU.ActiveCfg = Release|Any CPU
		{98385C61-33A3-4F56-8EB4-2AB98E66311F}.Release|Any CPU.Build.0 = Release|Any CPU
	EndGlobalSection
	GlobalSection(SolutionProperties) = preSolution
		HideSolutionNode = FALSE
	EndGlobalSection
EndGlobal
